hash: 26f0be747f993761f4da9fa9fb52f8e226dcf67f6e5dad47789c2f8c274fea71
updated: 2017-08-18T13:29:26.478310032+07:00
imports:
- name: github.com/beorn7/perks
  version: 4c0e84591b9aa9e6dcfdf3e020114cd81f89d5f9
  subpackages:
  - quantile
- name: github.com/dgrijalva/jwt-go
  version: a539ee1a749a2b895533f979515ac7e6e0f5b650
- name: github.com/golang/protobuf
  version: ab9f9a6dab164b7d1246e0e688b0ab7b94d8553e
  subpackages:
  - proto
  - jsonpb
  - protoc-gen-go/descriptor
  - ptypes/struct
  - ptypes/any
- name: github.com/golovers/grpc
  version: eb601554ec1dd3b1468ba608c7ea1ceebc2e1d23
  subpackages:
  - v4/api-golang/gr/greeting/v1
  - v4/greeting/auth
  - v4/greeting/conf
  - v4/greeting/service
- name: github.com/grpc-ecosystem/go-grpc-middleware
  version: f63a7dfb64c138bd93d5c5b896d8b33c4b08e000
  subpackages:
  - util/metautils
- name: github.com/grpc-ecosystem/go-grpc-prometheus
  version: 6b7015e65d366bf3f19b2b2a000a831940f0f7e0
- name: github.com/grpc-ecosystem/grpc-gateway
  version: 589b126116b5fc961939b3e156c29e4d9d58222f
  subpackages:
  - runtime
  - utilities
  - runtime/internal
- name: github.com/matttproud/golang_protobuf_extensions
  version: c12348ce28de40eed0136aa2b644d0ee0650e56c
  subpackages:
  - pbutil
- name: github.com/mwitkow/go-grpc-middleware
  version: f63a7dfb64c138bd93d5c5b896d8b33c4b08e000
  subpackages:
  - auth
- name: github.com/prometheus/client_golang
  version: c5b7fccd204277076155f10851dad72b76a49317
  subpackages:
  - prometheus/promhttp
  - prometheus
- name: github.com/prometheus/client_model
  version: 6f3806018612930941127f2a7c6c453ba2c527d2
  subpackages:
  - go
- name: github.com/prometheus/common
  version: 61f87aac8082fa8c3c5655c7608d7478d46ac2ad
  subpackages:
  - expfmt
  - model
  - internal/bitbucket.org/ww/goautoneg
- name: github.com/prometheus/procfs
  version: e645f4e5aaa8506fc71d6edbc5c4ff02c04c46f2
  subpackages:
  - xfs
- name: golang.org/x/net
  version: 1c05540f6879653db88113bc4a2b70aec4bd491f
  subpackages:
  - context
  - http2
  - trace
  - http2/hpack
  - idna
  - lex/httplex
  - internal/timeseries
- name: golang.org/x/text
  version: e56139fd9c5bc7244c76116c68e500765bb6db6b
  subpackages:
  - secure/bidirule
  - unicode/norm
  - transform
  - unicode/bidi
- name: google.golang.org/genproto
  version: ee236bd376b077c7a89f260c026c4735b195e459
  subpackages:
  - googleapis/api/annotations
  - googleapis/rpc/status
- name: google.golang.org/grpc
  version: b3ddf786825de56a4178401b7e174ee332173b66
  subpackages:
  - credentials
  - metadata
  - codes
  - grpclog
  - connectivity
  - grpclb/grpc_lb_v1
  - internal
  - keepalive
  - naming
  - peer
  - stats
  - status
  - tap
  - transport
testImports: []
