hash: 837961d59e755cfd0ba8edaa31397792feb4dd56c0b7047f232f7a71551fcf61
updated: 2017-08-13T21:28:55.614829097+07:00
imports:
- name: github.com/golang/protobuf
  version: 1909bc2f63dc92bb931deace8b8312c4db72d12f
  subpackages:
  - proto
  - jsonpb
  - protoc-gen-go/descriptor
  - ptypes/struct
  - ptypes/any
- name: github.com/grpc-ecosystem/go-grpc-prometheus
  version: 6b7015e65d366bf3f19b2b2a000a831940f0f7e0
- name: github.com/grpc-ecosystem/grpc-gateway
  version: 589b126116b5fc961939b3e156c29e4d9d58222f
  subpackages:
  - runtime
  - utilities
  - runtime/internal
- name: github.com/mwitkow/go-grpc-middleware
  version: f63a7dfb64c138bd93d5c5b896d8b33c4b08e000
- name: github.com/prometheus/client_golang
  version: c5b7fccd204277076155f10851dad72b76a49317
  subpackages:
  - prometheus/promhttp
- name: github.com/golovers/grpc
  version: f9d96f0ee8dc38aff7cfd031bf03b12eafaaedf5
  subpackages:
  - v4/api-golang/gr/greeting/v1
- name: golang.org/x/net
  version: 1c05540f6879653db88113bc4a2b70aec4bd491f
  subpackages:
  - context
  - http2
  - trace
  - http2/hpack
  - idna
  - lex/httplex
  - internal/timeseries
- name: golang.org/x/text
  version: b19bf474d317b857955b12035d2c5acb57ce8b01
  subpackages:
  - secure/bidirule
  - unicode/norm
  - transform
  - unicode/bidi
- name: google.golang.org/genproto
  version: 09f6ed296fc66555a25fe4ce95173148778dfa85
  subpackages:
  - googleapis/api/annotations
  - googleapis/rpc/status
- name: google.golang.org/grpc
  version: b8669c35455183da6d5c474ea6e72fbf55183274
  subpackages:
  - codes
  - grpclog
  - credentials
  - grpclb/grpc_lb_v1
  - internal
  - keepalive
  - metadata
  - naming
  - peer
  - stats
  - status
  - tap
  - transport
testImports: []
