hash: 17e541a8ea3747748fdeedafb0fee96a2391788400836132005f0e55785084dc
updated: 2017-08-15T17:28:28.696544677+07:00
imports:
- name: github.com/golang/protobuf
  version: 1909bc2f63dc92bb931deace8b8312c4db72d12f
  subpackages:
  - proto
  - jsonpb
  - protoc-gen-go/descriptor
  - ptypes/struct
  - ptypes/any
- name: github.com/golovers/grpc
  version: 1d0cf648d011d102068c59efc42dfbfcc8994fd8
  subpackages:
  - v2/api-golang/gr/greeting/v1
  - v2/greeting/service
- name: github.com/grpc-ecosystem/grpc-gateway
  version: 589b126116b5fc961939b3e156c29e4d9d58222f
  subpackages:
  - runtime
  - utilities
  - runtime/internal
- name: golang.org/x/net
  version: 1c05540f6879653db88113bc4a2b70aec4bd491f
  subpackages:
  - context
  - http2
  - trace
  - http2/hpack
  - idna
  - lex/httplex
  - internal/timeseries
- name: golang.org/x/text
  version: b19bf474d317b857955b12035d2c5acb57ce8b01
  subpackages:
  - secure/bidirule
  - unicode/norm
  - transform
  - unicode/bidi
- name: google.golang.org/genproto
  version: 09f6ed296fc66555a25fe4ce95173148778dfa85
  subpackages:
  - googleapis/api/annotations
  - googleapis/rpc/status
- name: google.golang.org/grpc
  version: b3ddf786825de56a4178401b7e174ee332173b66
  subpackages:
  - codes
  - grpclog
  - metadata
  - connectivity
  - credentials
  - grpclb/grpc_lb_v1
  - internal
  - keepalive
  - naming
  - peer
  - stats
  - status
  - tap
  - transport
testImports: []
